github.com/google/uuid v1.3.0 h1:t6JiXgmwXMjEs8VusXIJk2BXHsn+wx8BZdTaoZ5fu7I=
github.com/google/uuid v1.3.0/go.mod h1:TIyPZe4MgqvfeYDBFedMoGGpEw/LqOeaOT+nhxU+yHo=
github.com/jaevor/go-nanoid v1.1.0 h1:lF+6bqKk3PVOetg+HyW/VXE3Zhyj9/h1o/WaV71GPl0=
github.com/jaevor/go-nanoid v1.1.0/go.mod h1:SI+jFaPuddYkqkVQoNGHs81navCtH388TcrH0RqFKgY=
github.com/lucsky/cuid v1.2.1 h1:MtJrL2OFhvYufUIn48d35QGXyeTC8tn0upumW9WwTHg=
github.com/lucsky/cuid v1.2.1/go.mod h1:QaaJqckboimOmhRSJXSx/+IT+VTfxfPGSo/6mfgUfmE=
